
Microsoft Visual Studio Solution File, Format Version 12.00
# Visual Studio 15
VisualStudioVersion = 15.0.28307.168
MinimumVisualStudioVersion = 10.0.40219.1
Project("{FAE04EC0-301F-11D3-BF4B-00C04F79EFBC}") = "EmployeeLoginApp", "EmployeeLoginApp\EmployeeLoginApp.csproj", "{FD729C81-3D5D-4DD2-8E0A-A32843D68BBC}"
EndProject
Global
	GlobalSection(SolutionConfigurationPlatforms) = preSolution
		Debug|Any CPU = Debug|Any CPU
		Release|Any CPU = Release|Any CPU
	EndGlobalSection
	GlobalSection(ProjectConfigurationPlatforms) = postSolution
		{FD729C81-3D5D-4DD2-8E0A-A32843D68BBC}.Debug|Any CPU.ActiveCfg = Debug|Any CPU
		{FD729C81-3D5D-4DD2-8E0A-A32843D68BBC}.Debug|Any CPU.Build.0 = Debug|Any CPU
		{FD729C81-3D5D-4DD2-8E0A-A32843D68BBC}.Release|Any CPU.ActiveCfg = Release|Any CPU
		{FD729C81-3D5D-4DD2-8E0A-A32843D68BBC}.Release|Any CPU.Build.0 = Release|Any CPU
	EndGlobalSection
	GlobalSection(SolutionProperties) = preSolution
		HideSolutionNode = FALSE
	EndGlobalSection
	GlobalSection(ExtensibilityGlobals) = postSolution
		SolutionGuid = {6B706288-C75B-4784-94DE-889A627F8305}
	EndGlobalSection
EndGlobal
